// !$*UTF8*$!
{
	archiveVersion = 1;
	classes = {
	};
	objectVersion = 56;
	objects = {

/* Begin PBXBuildFile section */
		17446FB429FD39B200CEF934 /* Localizable.strings in Resources */ = {isa = PBXBuildFile; fileRef = 17446FB629FD39B200CEF934 /* Localizable.strings */; };
		17446FB829FD3B1500CEF934 /* Awards.json in Resources */ = {isa = PBXBuildFile; fileRef = 17446FBA29FD3B1500CEF934 /* Awards.json */; };
		17446FBC29FD3B5300CEF934 /* Localizable.stringsdict in Resources */ = {isa = PBXBuildFile; fileRef = 17446FBE29FD3B5300CEF934 /* Localizable.stringsdict */; };
		1747B82029CB602200330067 /* Issue-CoreDataHelpers.swift in Sources */ = {isa = PBXBuildFile; fileRef = 1747B81F29CB602200330067 /* Issue-CoreDataHelpers.swift */; };
		1747B82229CB612800330067 /* Tag-CoreDataHelpers.swift in Sources */ = {isa = PBXBuildFile; fileRef = 1747B82129CB612800330067 /* Tag-CoreDataHelpers.swift */; };
		1747B82429CB67C500330067 /* IssueRow.swift in Sources */ = {isa = PBXBuildFile; fileRef = 1747B82329CB67C500330067 /* IssueRow.swift */; };
		175660C429D38000005D6326 /* IssueView.swift in Sources */ = {isa = PBXBuildFile; fileRef = 175660C329D38000005D6326 /* IssueView.swift */; };
		175660C629D38008005D6326 /* NoIssueView.swift in Sources */ = {isa = PBXBuildFile; fileRef = 175660C529D38008005D6326 /* NoIssueView.swift */; };
		17645EBB29C4F18100D4C874 /* UltimatePortfolioApp.swift in Sources */ = {isa = PBXBuildFile; fileRef = 17645EBA29C4F18100D4C874 /* UltimatePortfolioApp.swift */; };
		17645EBD29C4F18100D4C874 /* ContentView.swift in Sources */ = {isa = PBXBuildFile; fileRef = 17645EBC29C4F18100D4C874 /* ContentView.swift */; };
		17645EBF29C4F18100D4C874 /* Assets.xcassets in Resources */ = {isa = PBXBuildFile; fileRef = 17645EBE29C4F18100D4C874 /* Assets.xcassets */; };
		17645EC329C4F18100D4C874 /* Preview Assets.xcassets in Resources */ = {isa = PBXBuildFile; fileRef = 17645EC229C4F18100D4C874 /* Preview Assets.xcassets */; };
		17645ECB29C4F44900D4C874 /* Main.xcdatamodeld in Sources */ = {isa = PBXBuildFile; fileRef = 17645EC929C4F44900D4C874 /* Main.xcdatamodeld */; };
		17645ECD29C4F6B400D4C874 /* DataController.swift in Sources */ = {isa = PBXBuildFile; fileRef = 17645ECC29C4F6B400D4C874 /* DataController.swift */; };
		17645F0729CAE2FD00D4C874 /* SidebarView.swift in Sources */ = {isa = PBXBuildFile; fileRef = 17645F0629CAE2FD00D4C874 /* SidebarView.swift */; };
		17645F0929CAE30300D4C874 /* DetailView.swift in Sources */ = {isa = PBXBuildFile; fileRef = 17645F0829CAE30300D4C874 /* DetailView.swift */; };
		17645F0B29CAE42500D4C874 /* Filter.swift in Sources */ = {isa = PBXBuildFile; fileRef = 17645F0A29CAE42500D4C874 /* Filter.swift */; };
		179127F12A802CB600D06429 /* TagTests.swift in Sources */ = {isa = PBXBuildFile; fileRef = 179127F02A802CB600D06429 /* TagTests.swift */; };
		179127F32A802F6C00D06429 /* AwardTests.swift in Sources */ = {isa = PBXBuildFile; fileRef = 179127F22A802F6C00D06429 /* AwardTests.swift */; };
		17BA959B2A8789A6006F537E /* DevelopmentTests.swift in Sources */ = {isa = PBXBuildFile; fileRef = 17BA959A2A8789A6006F537E /* DevelopmentTests.swift */; };
		17BA959D2A878F47006F537E /* ExtensionTests.swift in Sources */ = {isa = PBXBuildFile; fileRef = 17BA959C2A878F47006F537E /* ExtensionTests.swift */; };
		17BA95A02A879878006F537E /* DecodableDictionary.json in Resources */ = {isa = PBXBuildFile; fileRef = 17BA959F2A879878006F537E /* DecodableDictionary.json */; };
		17BA95A22A8798A7006F537E /* DecodableString.json in Resources */ = {isa = PBXBuildFile; fileRef = 17BA95A12A8798A7006F537E /* DecodableString.json */; };
		17BA95A42A87BB29006F537E /* PerformanceTests.swift in Sources */ = {isa = PBXBuildFile; fileRef = 17BA95A32A87BB29006F537E /* PerformanceTests.swift */; };
		17C2E9732A8AB23100518667 /* UltimatePortfolioUITests.swift in Sources */ = {isa = PBXBuildFile; fileRef = 17C2E9722A8AB23100518667 /* UltimatePortfolioUITests.swift */; };
		17C2E9752A8AB23100518667 /* UltimatePortfolioUITestsLaunchTests.swift in Sources */ = {isa = PBXBuildFile; fileRef = 17C2E9742A8AB23100518667 /* UltimatePortfolioUITestsLaunchTests.swift */; };
		17F35F0129E5BAB4009BF161 /* Bundle-Decodable.swift in Sources */ = {isa = PBXBuildFile; fileRef = 17F35F0029E5BAB4009BF161 /* Bundle-Decodable.swift */; };
		17F35F0529E5BDD5009BF161 /* Colors.xcassets in Resources */ = {isa = PBXBuildFile; fileRef = 17F35F0329E5BDD5009BF161 /* Colors.xcassets */; };
		17F35F0729E5BE68009BF161 /* Award.swift in Sources */ = {isa = PBXBuildFile; fileRef = 17F35F0629E5BE68009BF161 /* Award.swift */; };
		17F35F0929E5BF13009BF161 /* AwardsView.swift in Sources */ = {isa = PBXBuildFile; fileRef = 17F35F0829E5BF13009BF161 /* AwardsView.swift */; };
		17F9D7012A2CA46E00A751A6 /* UltimatePortfolioTests.swift in Sources */ = {isa = PBXBuildFile; fileRef = 17F9D7002A2CA46E00A751A6 /* UltimatePortfolioTests.swift */; };
		17F9D7092A2CA70900A751A6 /* AssetTests.swift in Sources */ = {isa = PBXBuildFile; fileRef = 17F9D7082A2CA70900A751A6 /* AssetTests.swift */; };
		17FC9FBB2A233B9C00F1FAC2 /* SidebarViewToolbar.swift in Sources */ = {isa = PBXBuildFile; fileRef = 17FC9FBA2A233B9C00F1FAC2 /* SidebarViewToolbar.swift */; };
		17FC9FBD2A233CBB00F1FAC2 /* IssueViewToolbar.swift in Sources */ = {isa = PBXBuildFile; fileRef = 17FC9FBC2A233CBB00F1FAC2 /* IssueViewToolbar.swift */; };
		17FC9FBF2A233D5F00F1FAC2 /* ContentViewToolbar.swift in Sources */ = {isa = PBXBuildFile; fileRef = 17FC9FBE2A233D5F00F1FAC2 /* ContentViewToolbar.swift */; };
		17FC9FC12A233E8900F1FAC2 /* TagsMenuView.swift in Sources */ = {isa = PBXBuildFile; fileRef = 17FC9FC02A233E8900F1FAC2 /* TagsMenuView.swift */; };
		17FC9FC32A233F4000F1FAC2 /* SmartFilterRow.swift in Sources */ = {isa = PBXBuildFile; fileRef = 17FC9FC22A233F4000F1FAC2 /* SmartFilterRow.swift */; };
		17FC9FC52A233F9100F1FAC2 /* UserFilterRow.swift in Sources */ = {isa = PBXBuildFile; fileRef = 17FC9FC42A233F9100F1FAC2 /* UserFilterRow.swift */; };
/* End PBXBuildFile section */

/* Begin PBXContainerItemProxy section */
		17C2E9762A8AB23100518667 /* PBXContainerItemProxy */ = {
			isa = PBXContainerItemProxy;
			containerPortal = 17645EAF29C4F18100D4C874 /* Project object */;
			proxyType = 1;
			remoteGlobalIDString = 17645EB629C4F18100D4C874;
			remoteInfo = UltimatePortfolio;
		};
		17F9D7022A2CA46E00A751A6 /* PBXContainerItemProxy */ = {
			isa = PBXContainerItemProxy;
			containerPortal = 17645EAF29C4F18100D4C874 /* Project object */;
			proxyType = 1;
			remoteGlobalIDString = 17645EB629C4F18100D4C874;
			remoteInfo = UltimatePortfolio;
		};
/* End PBXContainerItemProxy section */

/* Begin PBXFileReference section */
		17446FB529FD39B200CEF934 /* en */ = {isa = PBXFileReference; lastKnownFileType = text.plist.strings; name = en; path = en.lproj/Localizable.strings; sourceTree = "<group>"; };
		17446FB729FD39B700CEF934 /* hu */ = {isa = PBXFileReference; lastKnownFileType = text.plist.strings; name = hu; path = hu.lproj/Localizable.strings; sourceTree = "<group>"; };
		17446FB929FD3B1500CEF934 /* en */ = {isa = PBXFileReference; lastKnownFileType = text.json; name = en; path = en.lproj/Awards.json; sourceTree = "<group>"; };
		17446FBB29FD3B1C00CEF934 /* hu */ = {isa = PBXFileReference; lastKnownFileType = text.json; name = hu; path = hu.lproj/Awards.json; sourceTree = "<group>"; };
		17446FBD29FD3B5300CEF934 /* en */ = {isa = PBXFileReference; lastKnownFileType = text.plist.stringsdict; name = en; path = en.lproj/Localizable.stringsdict; sourceTree = "<group>"; };
		17446FBF29FD3B5600CEF934 /* hu */ = {isa = PBXFileReference; lastKnownFileType = text.plist.stringsdict; name = hu; path = hu.lproj/Localizable.stringsdict; sourceTree = "<group>"; };
		1747B81F29CB602200330067 /* Issue-CoreDataHelpers.swift */ = {isa = PBXFileReference; lastKnownFileType = sourcecode.swift; path = "Issue-CoreDataHelpers.swift"; sourceTree = "<group>"; };
		1747B82129CB612800330067 /* Tag-CoreDataHelpers.swift */ = {isa = PBXFileReference; lastKnownFileType = sourcecode.swift; path = "Tag-CoreDataHelpers.swift"; sourceTree = "<group>"; };
		1747B82329CB67C500330067 /* IssueRow.swift */ = {isa = PBXFileReference; lastKnownFileType = sourcecode.swift; path = IssueRow.swift; sourceTree = "<group>"; };
		175660C329D38000005D6326 /* IssueView.swift */ = {isa = PBXFileReference; lastKnownFileType = sourcecode.swift; path = IssueView.swift; sourceTree = "<group>"; };
		175660C529D38008005D6326 /* NoIssueView.swift */ = {isa = PBXFileReference; lastKnownFileType = sourcecode.swift; path = NoIssueView.swift; sourceTree = "<group>"; };
		1761B7032A8AC365006CD297 /* UltimatePortfolioUITests.xctestplan */ = {isa = PBXFileReference; lastKnownFileType = text; path = UltimatePortfolioUITests.xctestplan; sourceTree = "<group>"; };
		17645EB729C4F18100D4C874 /* UltimatePortfolio.app */ = {isa = PBXFileReference; explicitFileType = wrapper.application; includeInIndex = 0; path = UltimatePortfolio.app; sourceTree = BUILT_PRODUCTS_DIR; };
		17645EBA29C4F18100D4C874 /* UltimatePortfolioApp.swift */ = {isa = PBXFileReference; lastKnownFileType = sourcecode.swift; path = UltimatePortfolioApp.swift; sourceTree = "<group>"; };
		17645EBC29C4F18100D4C874 /* ContentView.swift */ = {isa = PBXFileReference; lastKnownFileType = sourcecode.swift; path = ContentView.swift; sourceTree = "<group>"; };
		17645EBE29C4F18100D4C874 /* Assets.xcassets */ = {isa = PBXFileReference; lastKnownFileType = folder.assetcatalog; path = Assets.xcassets; sourceTree = "<group>"; };
		17645EC029C4F18100D4C874 /* UltimatePortfolio.entitlements */ = {isa = PBXFileReference; lastKnownFileType = text.plist.entitlements; path = UltimatePortfolio.entitlements; sourceTree = "<group>"; };
		17645EC229C4F18100D4C874 /* Preview Assets.xcassets */ = {isa = PBXFileReference; lastKnownFileType = folder.assetcatalog; path = "Preview Assets.xcassets"; sourceTree = "<group>"; };
		17645ECA29C4F44900D4C874 /* Main.xcdatamodel */ = {isa = PBXFileReference; lastKnownFileType = wrapper.xcdatamodel; path = Main.xcdatamodel; sourceTree = "<group>"; };
		17645ECC29C4F6B400D4C874 /* DataController.swift */ = {isa = PBXFileReference; lastKnownFileType = sourcecode.swift; path = DataController.swift; sourceTree = "<group>"; };
		17645ECE29C4FCD700D4C874 /* Info.plist */ = {isa = PBXFileReference; lastKnownFileType = text.plist.xml; path = Info.plist; sourceTree = "<group>"; };
		17645F0629CAE2FD00D4C874 /* SidebarView.swift */ = {isa = PBXFileReference; lastKnownFileType = sourcecode.swift; path = SidebarView.swift; sourceTree = "<group>"; };
		17645F0829CAE30300D4C874 /* DetailView.swift */ = {isa = PBXFileReference; lastKnownFileType = sourcecode.swift; path = DetailView.swift; sourceTree = "<group>"; };
		17645F0A29CAE42500D4C874 /* Filter.swift */ = {isa = PBXFileReference; lastKnownFileType = sourcecode.swift; path = Filter.swift; sourceTree = "<group>"; };
		17645F0C29CAE90400D4C874 /* README.md */ = {isa = PBXFileReference; lastKnownFileType = net.daringfireball.markdown; path = README.md; sourceTree = "<group>"; };
		179127F02A802CB600D06429 /* TagTests.swift */ = {isa = PBXFileReference; lastKnownFileType = sourcecode.swift; path = TagTests.swift; sourceTree = "<group>"; };
		179127F22A802F6C00D06429 /* AwardTests.swift */ = {isa = PBXFileReference; lastKnownFileType = sourcecode.swift; path = AwardTests.swift; sourceTree = "<group>"; };
		17BA959A2A8789A6006F537E /* DevelopmentTests.swift */ = {isa = PBXFileReference; lastKnownFileType = sourcecode.swift; path = DevelopmentTests.swift; sourceTree = "<group>"; };
		17BA959C2A878F47006F537E /* ExtensionTests.swift */ = {isa = PBXFileReference; lastKnownFileType = sourcecode.swift; path = ExtensionTests.swift; sourceTree = "<group>"; };
		17BA959F2A879878006F537E /* DecodableDictionary.json */ = {isa = PBXFileReference; lastKnownFileType = text.json; path = DecodableDictionary.json; sourceTree = "<group>"; };
		17BA95A12A8798A7006F537E /* DecodableString.json */ = {isa = PBXFileReference; lastKnownFileType = text.json; path = DecodableString.json; sourceTree = "<group>"; };
		17BA95A32A87BB29006F537E /* PerformanceTests.swift */ = {isa = PBXFileReference; lastKnownFileType = sourcecode.swift; path = PerformanceTests.swift; sourceTree = "<group>"; };
		17C2E9702A8AB23100518667 /* UltimatePortfolioUITests.xctest */ = {isa = PBXFileReference; explicitFileType = wrapper.cfbundle; includeInIndex = 0; path = UltimatePortfolioUITests.xctest; sourceTree = BUILT_PRODUCTS_DIR; };
		17C2E9722A8AB23100518667 /* UltimatePortfolioUITests.swift */ = {isa = PBXFileReference; lastKnownFileType = sourcecode.swift; path = UltimatePortfolioUITests.swift; sourceTree = "<group>"; };
		17C2E9742A8AB23100518667 /* UltimatePortfolioUITestsLaunchTests.swift */ = {isa = PBXFileReference; lastKnownFileType = sourcecode.swift; path = UltimatePortfolioUITestsLaunchTests.swift; sourceTree = "<group>"; };
		17F35F0029E5BAB4009BF161 /* Bundle-Decodable.swift */ = {isa = PBXFileReference; lastKnownFileType = sourcecode.swift; path = "Bundle-Decodable.swift"; sourceTree = "<group>"; };
		17F35F0329E5BDD5009BF161 /* Colors.xcassets */ = {isa = PBXFileReference; lastKnownFileType = folder.assetcatalog; path = Colors.xcassets; sourceTree = "<group>"; };
		17F35F0629E5BE68009BF161 /* Award.swift */ = {isa = PBXFileReference; lastKnownFileType = sourcecode.swift; path = Award.swift; sourceTree = "<group>"; };
		17F35F0829E5BF13009BF161 /* AwardsView.swift */ = {isa = PBXFileReference; lastKnownFileType = sourcecode.swift; path = AwardsView.swift; sourceTree = "<group>"; };
		17F9D6FE2A2CA46E00A751A6 /* UltimatePortfolioTests.xctest */ = {isa = PBXFileReference; explicitFileType = wrapper.cfbundle; includeInIndex = 0; path = UltimatePortfolioTests.xctest; sourceTree = BUILT_PRODUCTS_DIR; };
		17F9D7002A2CA46E00A751A6 /* UltimatePortfolioTests.swift */ = {isa = PBXFileReference; lastKnownFileType = sourcecode.swift; path = UltimatePortfolioTests.swift; sourceTree = "<group>"; };
		17F9D7072A2CA5B000A751A6 /* UltimatePortfolio.xctestplan */ = {isa = PBXFileReference; lastKnownFileType = text; path = UltimatePortfolio.xctestplan; sourceTree = "<group>"; };
		17F9D7082A2CA70900A751A6 /* AssetTests.swift */ = {isa = PBXFileReference; lastKnownFileType = sourcecode.swift; path = AssetTests.swift; sourceTree = "<group>"; };
		17FC9FBA2A233B9C00F1FAC2 /* SidebarViewToolbar.swift */ = {isa = PBXFileReference; lastKnownFileType = sourcecode.swift; path = SidebarViewToolbar.swift; sourceTree = "<group>"; };
		17FC9FBC2A233CBB00F1FAC2 /* IssueViewToolbar.swift */ = {isa = PBXFileReference; lastKnownFileType = sourcecode.swift; path = IssueViewToolbar.swift; sourceTree = "<group>"; };
		17FC9FBE2A233D5F00F1FAC2 /* ContentViewToolbar.swift */ = {isa = PBXFileReference; lastKnownFileType = sourcecode.swift; path = ContentViewToolbar.swift; sourceTree = "<group>"; };
		17FC9FC02A233E8900F1FAC2 /* TagsMenuView.swift */ = {isa = PBXFileReference; lastKnownFileType = sourcecode.swift; path = TagsMenuView.swift; sourceTree = "<group>"; };
		17FC9FC22A233F4000F1FAC2 /* SmartFilterRow.swift */ = {isa = PBXFileReference; lastKnownFileType = sourcecode.swift; path = SmartFilterRow.swift; sourceTree = "<group>"; };
		17FC9FC42A233F9100F1FAC2 /* UserFilterRow.swift */ = {isa = PBXFileReference; lastKnownFileType = sourcecode.swift; path = UserFilterRow.swift; sourceTree = "<group>"; };
/* End PBXFileReference section */

/* Begin PBXFrameworksBuildPhase section */
		17645EB429C4F18100D4C874 /* Frameworks */ = {
			isa = PBXFrameworksBuildPhase;
			buildActionMask = 2147483647;
			files = (
			);
			runOnlyForDeploymentPostprocessing = 0;
		};
		17C2E96D2A8AB23100518667 /* Frameworks */ = {
			isa = PBXFrameworksBuildPhase;
			buildActionMask = 2147483647;
			files = (
			);
			runOnlyForDeploymentPostprocessing = 0;
		};
		17F9D6FB2A2CA46E00A751A6 /* Frameworks */ = {
			isa = PBXFrameworksBuildPhase;
			buildActionMask = 2147483647;
			files = (
			);
			runOnlyForDeploymentPostprocessing = 0;
		};
/* End PBXFrameworksBuildPhase section */

/* Begin PBXGroup section */
		17607B422A2C995B008E95AB /* Configuration */ = {
			isa = PBXGroup;
			children = (
				17645EC929C4F44900D4C874 /* Main.xcdatamodeld */,
				17645EC029C4F18100D4C874 /* UltimatePortfolio.entitlements */,
				17645ECE29C4FCD700D4C874 /* Info.plist */,
			);
			path = Configuration;
			sourceTree = "<group>";
		};
		17607B432A2C9964008E95AB /* Localization */ = {
			isa = PBXGroup;
			children = (
				17446FB629FD39B200CEF934 /* Localizable.strings */,
				17446FBE29FD3B5300CEF934 /* Localizable.stringsdict */,
			);
			path = Localization;
			sourceTree = "<group>";
		};
		17607B442A2C9973008E95AB /* Extensions */ = {
			isa = PBXGroup;
			children = (
				17F35F0029E5BAB4009BF161 /* Bundle-Decodable.swift */,
				1747B81F29CB602200330067 /* Issue-CoreDataHelpers.swift */,
				1747B82129CB612800330067 /* Tag-CoreDataHelpers.swift */,
			);
			path = Extensions;
			sourceTree = "<group>";
		};
		17607B452A2C99F1008E95AB /* Filters */ = {
			isa = PBXGroup;
			children = (
				17645F0A29CAE42500D4C874 /* Filter.swift */,
				17645F0629CAE2FD00D4C874 /* SidebarView.swift */,
				17FC9FBA2A233B9C00F1FAC2 /* SidebarViewToolbar.swift */,
				17FC9FC22A233F4000F1FAC2 /* SmartFilterRow.swift */,
				17FC9FC42A233F9100F1FAC2 /* UserFilterRow.swift */,
			);
			path = Filters;
			sourceTree = "<group>";
		};
		17607B462A2C99F7008E95AB /* Issues */ = {
			isa = PBXGroup;
			children = (
				17645EBC29C4F18100D4C874 /* ContentView.swift */,
				17FC9FBE2A233D5F00F1FAC2 /* ContentViewToolbar.swift */,
				1747B82329CB67C500330067 /* IssueRow.swift */,
			);
			path = Issues;
			sourceTree = "<group>";
		};
		17607B472A2C99FC008E95AB /* Editing */ = {
			isa = PBXGroup;
			children = (
				17645F0829CAE30300D4C874 /* DetailView.swift */,
				175660C329D38000005D6326 /* IssueView.swift */,
				17FC9FBC2A233CBB00F1FAC2 /* IssueViewToolbar.swift */,
				175660C529D38008005D6326 /* NoIssueView.swift */,
				17FC9FC02A233E8900F1FAC2 /* TagsMenuView.swift */,
			);
			path = Editing;
			sourceTree = "<group>";
		};
		17607B482A2C9A06008E95AB /* Awards */ = {
			isa = PBXGroup;
			children = (
				17F35F0629E5BE68009BF161 /* Award.swift */,
				17F35F0829E5BF13009BF161 /* AwardsView.swift */,
				17446FBA29FD3B1500CEF934 /* Awards.json */,
			);
			path = Awards;
			sourceTree = "<group>";
		};
		17645EAE29C4F18100D4C874 = {
			isa = PBXGroup;
			children = (
				17645F0C29CAE90400D4C874 /* README.md */,
				17645EB929C4F18100D4C874 /* UltimatePortfolio */,
				17F9D6FF2A2CA46E00A751A6 /* UltimatePortfolioTests */,
				17C2E9712A8AB23100518667 /* UltimatePortfolioUITests */,
				17645EB829C4F18100D4C874 /* Products */,
			);
			sourceTree = "<group>";
		};
		17645EB829C4F18100D4C874 /* Products */ = {
			isa = PBXGroup;
			children = (
				17645EB729C4F18100D4C874 /* UltimatePortfolio.app */,
				17F9D6FE2A2CA46E00A751A6 /* UltimatePortfolioTests.xctest */,
				17C2E9702A8AB23100518667 /* UltimatePortfolioUITests.xctest */,
			);
			name = Products;
			sourceTree = "<group>";
		};
		17645EB929C4F18100D4C874 /* UltimatePortfolio */ = {
			isa = PBXGroup;
			children = (
				17607B452A2C99F1008E95AB /* Filters */,
				17607B462A2C99F7008E95AB /* Issues */,
				17607B472A2C99FC008E95AB /* Editing */,
				17607B482A2C9A06008E95AB /* Awards */,
				17607B442A2C9973008E95AB /* Extensions */,
				17607B432A2C9964008E95AB /* Localization */,
				17607B422A2C995B008E95AB /* Configuration */,
				17645EBA29C4F18100D4C874 /* UltimatePortfolioApp.swift */,
				17645ECC29C4F6B400D4C874 /* DataController.swift */,
				17F35F0329E5BDD5009BF161 /* Colors.xcassets */,
				17645EBE29C4F18100D4C874 /* Assets.xcassets */,
				17645EC129C4F18100D4C874 /* Preview Content */,
			);
			path = UltimatePortfolio;
			sourceTree = "<group>";
		};
		17645EC129C4F18100D4C874 /* Preview Content */ = {
			isa = PBXGroup;
			children = (
				17645EC229C4F18100D4C874 /* Preview Assets.xcassets */,
			);
			path = "Preview Content";
			sourceTree = "<group>";
		};
		17BA959E2A879858006F537E /* Fixtures */ = {
			isa = PBXGroup;
			children = (
				17BA959F2A879878006F537E /* DecodableDictionary.json */,
				17BA95A12A8798A7006F537E /* DecodableString.json */,
			);
			path = Fixtures;
			sourceTree = "<group>";
		};
		17C2E9712A8AB23100518667 /* UltimatePortfolioUITests */ = {
			isa = PBXGroup;
			children = (
				1761B7032A8AC365006CD297 /* UltimatePortfolioUITests.xctestplan */,
				17C2E9722A8AB23100518667 /* UltimatePortfolioUITests.swift */,
				17C2E9742A8AB23100518667 /* UltimatePortfolioUITestsLaunchTests.swift */,
			);
			path = UltimatePortfolioUITests;
			sourceTree = "<group>";
		};
		17F9D6FF2A2CA46E00A751A6 /* UltimatePortfolioTests */ = {
			isa = PBXGroup;
			children = (
				17BA959E2A879858006F537E /* Fixtures */,
				17F9D7072A2CA5B000A751A6 /* UltimatePortfolio.xctestplan */,
				17F9D7002A2CA46E00A751A6 /* UltimatePortfolioTests.swift */,
				17F9D7082A2CA70900A751A6 /* AssetTests.swift */,
				179127F22A802F6C00D06429 /* AwardTests.swift */,
				17BA959A2A8789A6006F537E /* DevelopmentTests.swift */,
				17BA959C2A878F47006F537E /* ExtensionTests.swift */,
				179127F02A802CB600D06429 /* TagTests.swift */,
				17BA95A32A87BB29006F537E /* PerformanceTests.swift */,
			);
			path = UltimatePortfolioTests;
			sourceTree = "<group>";
		};
/* End PBXGroup section */

/* Begin PBXNativeTarget section */
		17645EB629C4F18100D4C874 /* UltimatePortfolio */ = {
			isa = PBXNativeTarget;
			buildConfigurationList = 17645EC629C4F18100D4C874 /* Build configuration list for PBXNativeTarget "UltimatePortfolio" */;
			buildPhases = (
				17645EB329C4F18100D4C874 /* Sources */,
				17645EB429C4F18100D4C874 /* Frameworks */,
				17645EB529C4F18100D4C874 /* Resources */,
				1738600D2A24B4D100A05620 /* SwiftLint */,
			);
			buildRules = (
			);
			dependencies = (
			);
			name = UltimatePortfolio;
			productName = UltimatePortfolio;
			productReference = 17645EB729C4F18100D4C874 /* UltimatePortfolio.app */;
			productType = "com.apple.product-type.application";
		};
		17C2E96F2A8AB23100518667 /* UltimatePortfolioUITests */ = {
			isa = PBXNativeTarget;
			buildConfigurationList = 17C2E97A2A8AB23100518667 /* Build configuration list for PBXNativeTarget "UltimatePortfolioUITests" */;
			buildPhases = (
				17C2E96C2A8AB23100518667 /* Sources */,
				17C2E96D2A8AB23100518667 /* Frameworks */,
				17C2E96E2A8AB23100518667 /* Resources */,
			);
			buildRules = (
			);
			dependencies = (
				17C2E9772A8AB23100518667 /* PBXTargetDependency */,
			);
			name = UltimatePortfolioUITests;
			productName = UltimatePortfolioUITests;
			productReference = 17C2E9702A8AB23100518667 /* UltimatePortfolioUITests.xctest */;
			productType = "com.apple.product-type.bundle.ui-testing";
		};
		17F9D6FD2A2CA46E00A751A6 /* UltimatePortfolioTests */ = {
			isa = PBXNativeTarget;
			buildConfigurationList = 17F9D7042A2CA46E00A751A6 /* Build configuration list for PBXNativeTarget "UltimatePortfolioTests" */;
			buildPhases = (
				17F9D6FA2A2CA46E00A751A6 /* Sources */,
				17F9D6FB2A2CA46E00A751A6 /* Frameworks */,
				17F9D6FC2A2CA46E00A751A6 /* Resources */,
			);
			buildRules = (
			);
			dependencies = (
				17F9D7032A2CA46E00A751A6 /* PBXTargetDependency */,
			);
			name = UltimatePortfolioTests;
			productName = UltimatePortfolioTests;
			productReference = 17F9D6FE2A2CA46E00A751A6 /* UltimatePortfolioTests.xctest */;
			productType = "com.apple.product-type.bundle.unit-test";
		};
/* End PBXNativeTarget section */

/* Begin PBXProject section */
		17645EAF29C4F18100D4C874 /* Project object */ = {
			isa = PBXProject;
			attributes = {
				BuildIndependentTargetsInParallel = 1;
				LastSwiftUpdateCheck = 1430;
				LastUpgradeCheck = 1430;
				TargetAttributes = {
					17645EB629C4F18100D4C874 = {
						CreatedOnToolsVersion = 14.2;
					};
					17C2E96F2A8AB23100518667 = {
						CreatedOnToolsVersion = 14.3.1;
						TestTargetID = 17645EB629C4F18100D4C874;
					};
					17F9D6FD2A2CA46E00A751A6 = {
						CreatedOnToolsVersion = 14.3.1;
						TestTargetID = 17645EB629C4F18100D4C874;
					};
				};
			};
			buildConfigurationList = 17645EB229C4F18100D4C874 /* Build configuration list for PBXProject "UltimatePortfolio" */;
			compatibilityVersion = "Xcode 14.0";
			developmentRegion = en;
			hasScannedForEncodings = 0;
			knownRegions = (
				en,
				Base,
				hu,
			);
			mainGroup = 17645EAE29C4F18100D4C874;
			productRefGroup = 17645EB829C4F18100D4C874 /* Products */;
			projectDirPath = "";
			projectRoot = "";
			targets = (
				17645EB629C4F18100D4C874 /* UltimatePortfolio */,
				17F9D6FD2A2CA46E00A751A6 /* UltimatePortfolioTests */,
				17C2E96F2A8AB23100518667 /* UltimatePortfolioUITests */,
			);
		};
/* End PBXProject section */

/* Begin PBXResourcesBuildPhase section */
		17645EB529C4F18100D4C874 /* Resources */ = {
			isa = PBXResourcesBuildPhase;
			buildActionMask = 2147483647;
			files = (
				17446FB429FD39B200CEF934 /* Localizable.strings in Resources */,
				17645EC329C4F18100D4C874 /* Preview Assets.xcassets in Resources */,
				17F35F0529E5BDD5009BF161 /* Colors.xcassets in Resources */,
				17446FB829FD3B1500CEF934 /* Awards.json in Resources */,
				17645EBF29C4F18100D4C874 /* Assets.xcassets in Resources */,
				17446FBC29FD3B5300CEF934 /* Localizable.stringsdict in Resources */,
			);
			runOnlyForDeploymentPostprocessing = 0;
		};
		17C2E96E2A8AB23100518667 /* Resources */ = {
			isa = PBXResourcesBuildPhase;
			buildActionMask = 2147483647;
			files = (
			);
			runOnlyForDeploymentPostprocessing = 0;
		};
		17F9D6FC2A2CA46E00A751A6 /* Resources */ = {
			isa = PBXResourcesBuildPhase;
			buildActionMask = 2147483647;
			files = (
				17BA95A22A8798A7006F537E /* DecodableString.json in Resources */,
				17BA95A02A879878006F537E /* DecodableDictionary.json in Resources */,
			);
			runOnlyForDeploymentPostprocessing = 0;
		};
/* End PBXResourcesBuildPhase section */

/* Begin PBXShellScriptBuildPhase section */
		1738600D2A24B4D100A05620 /* SwiftLint */ = {
			isa = PBXShellScriptBuildPhase;
			alwaysOutOfDate = 1;
			buildActionMask = 2147483647;
			files = (
			);
			inputFileListPaths = (
			);
			inputPaths = (
			);
			name = SwiftLint;
			outputFileListPaths = (
			);
			outputPaths = (
			);
			runOnlyForDeploymentPostprocessing = 0;
			shellPath = /bin/sh;
			shellScript = "if [[ \"$(uname -m)\" == arm64 ]]; then\n    export PATH=\"/opt/homebrew/bin:$PATH\"\nfi\n\nif which swiftlint > /dev/null; then\n  swiftlint\nelse\n  echo \"warning: SwiftLint not installed, download from https://github.com/realm/SwiftLint\"\nfi\n";
		};
/* End PBXShellScriptBuildPhase section */

/* Begin PBXSourcesBuildPhase section */
		17645EB329C4F18100D4C874 /* Sources */ = {
			isa = PBXSourcesBuildPhase;
			buildActionMask = 2147483647;
			files = (
				17645F0B29CAE42500D4C874 /* Filter.swift in Sources */,
				17FC9FC12A233E8900F1FAC2 /* TagsMenuView.swift in Sources */,
				17F35F0729E5BE68009BF161 /* Award.swift in Sources */,
				17FC9FBD2A233CBB00F1FAC2 /* IssueViewToolbar.swift in Sources */,
				17FC9FC32A233F4000F1FAC2 /* SmartFilterRow.swift in Sources */,
				17F35F0929E5BF13009BF161 /* AwardsView.swift in Sources */,
				1747B82229CB612800330067 /* Tag-CoreDataHelpers.swift in Sources */,
				17645ECB29C4F44900D4C874 /* Main.xcdatamodeld in Sources */,
				1747B82029CB602200330067 /* Issue-CoreDataHelpers.swift in Sources */,
				17F35F0129E5BAB4009BF161 /* Bundle-Decodable.swift in Sources */,
				17645F0929CAE30300D4C874 /* DetailView.swift in Sources */,
				17645ECD29C4F6B400D4C874 /* DataController.swift in Sources */,
				17FC9FBF2A233D5F00F1FAC2 /* ContentViewToolbar.swift in Sources */,
				17645F0729CAE2FD00D4C874 /* SidebarView.swift in Sources */,
				17645EBD29C4F18100D4C874 /* ContentView.swift in Sources */,
				17FC9FBB2A233B9C00F1FAC2 /* SidebarViewToolbar.swift in Sources */,
				175660C429D38000005D6326 /* IssueView.swift in Sources */,
				17FC9FC52A233F9100F1FAC2 /* UserFilterRow.swift in Sources */,
				175660C629D38008005D6326 /* NoIssueView.swift in Sources */,
				1747B82429CB67C500330067 /* IssueRow.swift in Sources */,
				17645EBB29C4F18100D4C874 /* UltimatePortfolioApp.swift in Sources */,
			);
			runOnlyForDeploymentPostprocessing = 0;
		};
		17C2E96C2A8AB23100518667 /* Sources */ = {
			isa = PBXSourcesBuildPhase;
			buildActionMask = 2147483647;
			files = (
				17C2E9752A8AB23100518667 /* UltimatePortfolioUITestsLaunchTests.swift in Sources */,
				17C2E9732A8AB23100518667 /* UltimatePortfolioUITests.swift in Sources */,
			);
			runOnlyForDeploymentPostprocessing = 0;
		};
		17F9D6FA2A2CA46E00A751A6 /* Sources */ = {
			isa = PBXSourcesBuildPhase;
			buildActionMask = 2147483647;
			files = (
				17BA95A42A87BB29006F537E /* PerformanceTests.swift in Sources */,
				17F9D7092A2CA70900A751A6 /* AssetTests.swift in Sources */,
				179127F32A802F6C00D06429 /* AwardTests.swift in Sources */,
				179127F12A802CB600D06429 /* TagTests.swift in Sources */,
				17BA959D2A878F47006F537E /* ExtensionTests.swift in Sources */,
				17F9D7012A2CA46E00A751A6 /* UltimatePortfolioTests.swift in Sources */,
				17BA959B2A8789A6006F537E /* DevelopmentTests.swift in Sources */,
			);
			runOnlyForDeploymentPostprocessing = 0;
		};
/* End PBXSourcesBuildPhase section */

/* Begin PBXTargetDependency section */
		17C2E9772A8AB23100518667 /* PBXTargetDependency */ = {
			isa = PBXTargetDependency;
			target = 17645EB629C4F18100D4C874 /* UltimatePortfolio */;
			targetProxy = 17C2E9762A8AB23100518667 /* PBXContainerItemProxy */;
		};
		17F9D7032A2CA46E00A751A6 /* PBXTargetDependency */ = {
			isa = PBXTargetDependency;
			target = 17645EB629C4F18100D4C874 /* UltimatePortfolio */;
			targetProxy = 17F9D7022A2CA46E00A751A6 /* PBXContainerItemProxy */;
		};
/* End PBXTargetDependency section */

/* Begin PBXVariantGroup section */
		17446FB629FD39B200CEF934 /* Localizable.strings */ = {
			isa = PBXVariantGroup;
			children = (
				17446FB529FD39B200CEF934 /* en */,
				17446FB729FD39B700CEF934 /* hu */,
			);
			name = Localizable.strings;
			sourceTree = "<group>";
		};
		17446FBA29FD3B1500CEF934 /* Awards.json */ = {
			isa = PBXVariantGroup;
			children = (
				17446FB929FD3B1500CEF934 /* en */,
				17446FBB29FD3B1C00CEF934 /* hu */,
			);
			name = Awards.json;
			sourceTree = "<group>";
		};
		17446FBE29FD3B5300CEF934 /* Localizable.stringsdict */ = {
			isa = PBXVariantGroup;
			children = (
				17446FBD29FD3B5300CEF934 /* en */,
				17446FBF29FD3B5600CEF934 /* hu */,
			);
			name = Localizable.stringsdict;
			sourceTree = "<group>";
		};
/* End PBXVariantGroup section */

/* Begin XCBuildConfiguration section */
		17645EC429C4F18100D4C874 /* Debug */ = {
			isa = XCBuildConfiguration;
			buildSettings = {
				ALWAYS_SEARCH_USER_PATHS = NO;
				CLANG_ANALYZER_LOCALIZABILITY_NONLOCALIZED = YES;
				CLANG_ANALYZER_NONNULL = YES;
				CLANG_ANALYZER_NUMBER_OBJECT_CONVERSION = YES_AGGRESSIVE;
				CLANG_CXX_LANGUAGE_STANDARD = "gnu++20";
				CLANG_ENABLE_MODULES = YES;
				CLANG_ENABLE_OBJC_ARC = YES;
				CLANG_ENABLE_OBJC_WEAK = YES;
				CLANG_WARN_BLOCK_CAPTURE_AUTORELEASING = YES;
				CLANG_WARN_BOOL_CONVERSION = YES;
				CLANG_WARN_COMMA = YES;
				CLANG_WARN_CONSTANT_CONVERSION = YES;
				CLANG_WARN_DEPRECATED_OBJC_IMPLEMENTATIONS = YES;
				CLANG_WARN_DIRECT_OBJC_ISA_USAGE = YES_ERROR;
				CLANG_WARN_DOCUMENTATION_COMMENTS = YES;
				CLANG_WARN_EMPTY_BODY = YES;
				CLANG_WARN_ENUM_CONVERSION = YES;
				CLANG_WARN_INFINITE_RECURSION = YES;
				CLANG_WARN_INT_CONVERSION = YES;
				CLANG_WARN_NON_LITERAL_NULL_CONVERSION = YES;
				CLANG_WARN_OBJC_IMPLICIT_RETAIN_SELF = YES;
				CLANG_WARN_OBJC_LITERAL_CONVERSION = YES;
				CLANG_WARN_OBJC_ROOT_CLASS = YES_ERROR;
				CLANG_WARN_QUOTED_INCLUDE_IN_FRAMEWORK_HEADER = YES;
				CLANG_WARN_RANGE_LOOP_ANALYSIS = YES;
				CLANG_WARN_STRICT_PROTOTYPES = YES;
				CLANG_WARN_SUSPICIOUS_MOVE = YES;
				CLANG_WARN_UNGUARDED_AVAILABILITY = YES_AGGRESSIVE;
				CLANG_WARN_UNREACHABLE_CODE = YES;
				CLANG_WARN__DUPLICATE_METHOD_MATCH = YES;
				COPY_PHASE_STRIP = NO;
				DEAD_CODE_STRIPPING = YES;
				DEBUG_INFORMATION_FORMAT = dwarf;
				ENABLE_STRICT_OBJC_MSGSEND = YES;
				ENABLE_TESTABILITY = YES;
				GCC_C_LANGUAGE_STANDARD = gnu11;
				GCC_DYNAMIC_NO_PIC = NO;
				GCC_NO_COMMON_BLOCKS = YES;
				GCC_OPTIMIZATION_LEVEL = 0;
				GCC_PREPROCESSOR_DEFINITIONS = (
					"DEBUG=1",
					"$(inherited)",
				);
				GCC_WARN_64_TO_32_BIT_CONVERSION = YES;
				GCC_WARN_ABOUT_RETURN_TYPE = YES_ERROR;
				GCC_WARN_UNDECLARED_SELECTOR = YES;
				GCC_WARN_UNINITIALIZED_AUTOS = YES_AGGRESSIVE;
				GCC_WARN_UNUSED_FUNCTION = YES;
				GCC_WARN_UNUSED_VARIABLE = YES;
				MTL_ENABLE_DEBUG_INFO = INCLUDE_SOURCE;
				MTL_FAST_MATH = YES;
				ONLY_ACTIVE_ARCH = YES;
				SWIFT_ACTIVE_COMPILATION_CONDITIONS = DEBUG;
				SWIFT_OPTIMIZATION_LEVEL = "-Onone";
			};
			name = Debug;
		};
		17645EC529C4F18100D4C874 /* Release */ = {
			isa = XCBuildConfiguration;
			buildSettings = {
				ALWAYS_SEARCH_USER_PATHS = NO;
				CLANG_ANALYZER_LOCALIZABILITY_NONLOCALIZED = YES;
				CLANG_ANALYZER_NONNULL = YES;
				CLANG_ANALYZER_NUMBER_OBJECT_CONVERSION = YES_AGGRESSIVE;
				CLANG_CXX_LANGUAGE_STANDARD = "gnu++20";
				CLANG_ENABLE_MODULES = YES;
				CLANG_ENABLE_OBJC_ARC = YES;
				CLANG_ENABLE_OBJC_WEAK = YES;
				CLANG_WARN_BLOCK_CAPTURE_AUTORELEASING = YES;
				CLANG_WARN_BOOL_CONVERSION = YES;
				CLANG_WARN_COMMA = YES;
				CLANG_WARN_CONSTANT_CONVERSION = YES;
				CLANG_WARN_DEPRECATED_OBJC_IMPLEMENTATIONS = YES;
				CLANG_WARN_DIRECT_OBJC_ISA_USAGE = YES_ERROR;
				CLANG_WARN_DOCUMENTATION_COMMENTS = YES;
				CLANG_WARN_EMPTY_BODY = YES;
				CLANG_WARN_ENUM_CONVERSION = YES;
				CLANG_WARN_INFINITE_RECURSION = YES;
				CLANG_WARN_INT_CONVERSION = YES;
				CLANG_WARN_NON_LITERAL_NULL_CONVERSION = YES;
				CLANG_WARN_OBJC_IMPLICIT_RETAIN_SELF = YES;
				CLANG_WARN_OBJC_LITERAL_CONVERSION = YES;
				CLANG_WARN_OBJC_ROOT_CLASS = YES_ERROR;
				CLANG_WARN_QUOTED_INCLUDE_IN_FRAMEWORK_HEADER = YES;
				CLANG_WARN_RANGE_LOOP_ANALYSIS = YES;
				CLANG_WARN_STRICT_PROTOTYPES = YES;
				CLANG_WARN_SUSPICIOUS_MOVE = YES;
				CLANG_WARN_UNGUARDED_AVAILABILITY = YES_AGGRESSIVE;
				CLANG_WARN_UNREACHABLE_CODE = YES;
				CLANG_WARN__DUPLICATE_METHOD_MATCH = YES;
				COPY_PHASE_STRIP = NO;
				DEAD_CODE_STRIPPING = YES;
				DEBUG_INFORMATION_FORMAT = "dwarf-with-dsym";
				ENABLE_NS_ASSERTIONS = NO;
				ENABLE_STRICT_OBJC_MSGSEND = YES;
				GCC_C_LANGUAGE_STANDARD = gnu11;
				GCC_NO_COMMON_BLOCKS = YES;
				GCC_WARN_64_TO_32_BIT_CONVERSION = YES;
				GCC_WARN_ABOUT_RETURN_TYPE = YES_ERROR;
				GCC_WARN_UNDECLARED_SELECTOR = YES;
				GCC_WARN_UNINITIALIZED_AUTOS = YES_AGGRESSIVE;
				GCC_WARN_UNUSED_FUNCTION = YES;
				GCC_WARN_UNUSED_VARIABLE = YES;
				MTL_ENABLE_DEBUG_INFO = NO;
				MTL_FAST_MATH = YES;
				SWIFT_COMPILATION_MODE = wholemodule;
				SWIFT_OPTIMIZATION_LEVEL = "-O";
			};
			name = Release;
		};
		17645EC729C4F18100D4C874 /* Debug */ = {
			isa = XCBuildConfiguration;
			buildSettings = {
				ASSETCATALOG_COMPILER_APPICON_NAME = AppIcon;
				ASSETCATALOG_COMPILER_GLOBAL_ACCENT_COLOR_NAME = AccentColor;
				CODE_SIGN_ENTITLEMENTS = UltimatePortfolio/Configuration/UltimatePortfolio.entitlements;
				CODE_SIGN_STYLE = Automatic;
				CURRENT_PROJECT_VERSION = 1;
				DEAD_CODE_STRIPPING = YES;
				DEVELOPMENT_ASSET_PATHS = "\"UltimatePortfolio/Preview Content\"";
				DEVELOPMENT_TEAM = P8CC95REUG;
				ENABLE_HARDENED_RUNTIME = YES;
				ENABLE_PREVIEWS = YES;
				GENERATE_INFOPLIST_FILE = YES;
				INFOPLIST_FILE = UltimatePortfolio/Configuration/Info.plist;
				"INFOPLIST_KEY_UIApplicationSceneManifest_Generation[sdk=iphoneos*]" = YES;
				"INFOPLIST_KEY_UIApplicationSceneManifest_Generation[sdk=iphonesimulator*]" = YES;
				"INFOPLIST_KEY_UIApplicationSupportsIndirectInputEvents[sdk=iphoneos*]" = YES;
				"INFOPLIST_KEY_UIApplicationSupportsIndirectInputEvents[sdk=iphonesimulator*]" = YES;
				"INFOPLIST_KEY_UILaunchScreen_Generation[sdk=iphoneos*]" = YES;
				"INFOPLIST_KEY_UILaunchScreen_Generation[sdk=iphonesimulator*]" = YES;
				"INFOPLIST_KEY_UIStatusBarStyle[sdk=iphoneos*]" = UIStatusBarStyleDefault;
				"INFOPLIST_KEY_UIStatusBarStyle[sdk=iphonesimulator*]" = UIStatusBarStyleDefault;
				INFOPLIST_KEY_UISupportedInterfaceOrientations_iPad = "UIInterfaceOrientationPortrait UIInterfaceOrientationPortraitUpsideDown UIInterfaceOrientationLandscapeLeft UIInterfaceOrientationLandscapeRight";
				INFOPLIST_KEY_UISupportedInterfaceOrientations_iPhone = "UIInterfaceOrientationPortrait UIInterfaceOrientationLandscapeLeft UIInterfaceOrientationLandscapeRight";
				IPHONEOS_DEPLOYMENT_TARGET = 16.2;
				LD_RUNPATH_SEARCH_PATHS = "@executable_path/Frameworks";
				"LD_RUNPATH_SEARCH_PATHS[sdk=macosx*]" = "@executable_path/../Frameworks";
				MACOSX_DEPLOYMENT_TARGET = 13.1;
				MARKETING_VERSION = 1.0;
				PRODUCT_BUNDLE_IDENTIFIER = com.yourcompany.UltimatePortfolio;
				PRODUCT_NAME = "$(TARGET_NAME)";
				SDKROOT = auto;
				SUPPORTED_PLATFORMS = "iphoneos iphonesimulator macosx";
				SWIFT_EMIT_LOC_STRINGS = YES;
				SWIFT_VERSION = 5.0;
				TARGETED_DEVICE_FAMILY = "1,2";
			};
			name = Debug;
		};
		17645EC829C4F18100D4C874 /* Release */ = {
			isa = XCBuildConfiguration;
			buildSettings = {
				ASSETCATALOG_COMPILER_APPICON_NAME = AppIcon;
				ASSETCATALOG_COMPILER_GLOBAL_ACCENT_COLOR_NAME = AccentColor;
				CODE_SIGN_ENTITLEMENTS = UltimatePortfolio/Configuration/UltimatePortfolio.entitlements;
				CODE_SIGN_STYLE = Automatic;
				CURRENT_PROJECT_VERSION = 1;
				DEAD_CODE_STRIPPING = YES;
				DEVELOPMENT_ASSET_PATHS = "\"UltimatePortfolio/Preview Content\"";
				DEVELOPMENT_TEAM = P8CC95REUG;
				ENABLE_HARDENED_RUNTIME = YES;
				ENABLE_PREVIEWS = YES;
				GENERATE_INFOPLIST_FILE = YES;
				INFOPLIST_FILE = UltimatePortfolio/Configuration/Info.plist;
				"INFOPLIST_KEY_UIApplicationSceneManifest_Generation[sdk=iphoneos*]" = YES;
				"INFOPLIST_KEY_UIApplicationSceneManifest_Generation[sdk=iphonesimulator*]" = YES;
				"INFOPLIST_KEY_UIApplicationSupportsIndirectInputEvents[sdk=iphoneos*]" = YES;
				"INFOPLIST_KEY_UIApplicationSupportsIndirectInputEvents[sdk=iphonesimulator*]" = YES;
				"INFOPLIST_KEY_UILaunchScreen_Generation[sdk=iphoneos*]" = YES;
				"INFOPLIST_KEY_UILaunchScreen_Generation[sdk=iphonesimulator*]" = YES;
				"INFOPLIST_KEY_UIStatusBarStyle[sdk=iphoneos*]" = UIStatusBarStyleDefault;
				"INFOPLIST_KEY_UIStatusBarStyle[sdk=iphonesimulator*]" = UIStatusBarStyleDefault;
				INFOPLIST_KEY_UISupportedInterfaceOrientations_iPad = "UIInterfaceOrientationPortrait UIInterfaceOrientationPortraitUpsideDown UIInterfaceOrientationLandscapeLeft UIInterfaceOrientationLandscapeRight";
				INFOPLIST_KEY_UISupportedInterfaceOrientations_iPhone = "UIInterfaceOrientationPortrait UIInterfaceOrientationLandscapeLeft UIInterfaceOrientationLandscapeRight";
				IPHONEOS_DEPLOYMENT_TARGET = 16.2;
				LD_RUNPATH_SEARCH_PATHS = "@executable_path/Frameworks";
				"LD_RUNPATH_SEARCH_PATHS[sdk=macosx*]" = "@executable_path/../Frameworks";
				MACOSX_DEPLOYMENT_TARGET = 13.1;
				MARKETING_VERSION = 1.0;
				PRODUCT_BUNDLE_IDENTIFIER = com.yourcompany.UltimatePortfolio;
				PRODUCT_NAME = "$(TARGET_NAME)";
				SDKROOT = auto;
				SUPPORTED_PLATFORMS = "iphoneos iphonesimulator macosx";
				SWIFT_EMIT_LOC_STRINGS = YES;
				SWIFT_VERSION = 5.0;
				TARGETED_DEVICE_FAMILY = "1,2";
			};
			name = Release;
		};
		17C2E9782A8AB23100518667 /* Debug */ = {
			isa = XCBuildConfiguration;
			buildSettings = {
				CODE_SIGN_STYLE = Automatic;
				CURRENT_PROJECT_VERSION = 1;
				GENERATE_INFOPLIST_FILE = YES;
				IPHONEOS_DEPLOYMENT_TARGET = 16.4;
				MARKETING_VERSION = 1.0;
				PRODUCT_BUNDLE_IDENTIFIER = com.yourcompany.UltimatePortfolioUITests;
				PRODUCT_NAME = "$(TARGET_NAME)";
				SDKROOT = iphoneos;
				SWIFT_EMIT_LOC_STRINGS = NO;
				SWIFT_VERSION = 5.0;
				TARGETED_DEVICE_FAMILY = "1,2";
				TEST_TARGET_NAME = UltimatePortfolio;
			};
			name = Debug;
		};
		17C2E9792A8AB23100518667 /* Release */ = {
			isa = XCBuildConfiguration;
			buildSettings = {
				CODE_SIGN_STYLE = Automatic;
				CURRENT_PROJECT_VERSION = 1;
				GENERATE_INFOPLIST_FILE = YES;
				IPHONEOS_DEPLOYMENT_TARGET = 16.4;
				MARKETING_VERSION = 1.0;
				PRODUCT_BUNDLE_IDENTIFIER = com.yourcompany.UltimatePortfolioUITests;
				PRODUCT_NAME = "$(TARGET_NAME)";
				SDKROOT = iphoneos;
				SWIFT_EMIT_LOC_STRINGS = NO;
				SWIFT_VERSION = 5.0;
				TARGETED_DEVICE_FAMILY = "1,2";
				TEST_TARGET_NAME = UltimatePortfolio;
				VALIDATE_PRODUCT = YES;
			};
			name = Release;
		};
		17F9D7052A2CA46E00A751A6 /* Debug */ = {
			isa = XCBuildConfiguration;
			buildSettings = {
				BUNDLE_LOADER = "$(TEST_HOST)";
				CODE_SIGN_STYLE = Automatic;
				CURRENT_PROJECT_VERSION = 1;
				DEVELOPMENT_TEAM = P8CC95REUG;
				GENERATE_INFOPLIST_FILE = YES;
				IPHONEOS_DEPLOYMENT_TARGET = 16.4;
				MARKETING_VERSION = 1.0;
				PRODUCT_BUNDLE_IDENTIFIER = com.yourcompany.UltimatePortfolioTests;
				PRODUCT_NAME = "$(TARGET_NAME)";
				SDKROOT = iphoneos;
				SWIFT_EMIT_LOC_STRINGS = NO;
				SWIFT_VERSION = 5.0;
				TARGETED_DEVICE_FAMILY = "1,2";
				TEST_HOST = "$(BUILT_PRODUCTS_DIR)/UltimatePortfolio.app/$(BUNDLE_EXECUTABLE_FOLDER_PATH)/UltimatePortfolio";
			};
			name = Debug;
		};
		17F9D7062A2CA46E00A751A6 /* Release */ = {
			isa = XCBuildConfiguration;
			buildSettings = {
				BUNDLE_LOADER = "$(TEST_HOST)";
				CODE_SIGN_STYLE = Automatic;
				CURRENT_PROJECT_VERSION = 1;
				DEVELOPMENT_TEAM = P8CC95REUG;
				GENERATE_INFOPLIST_FILE = YES;
				IPHONEOS_DEPLOYMENT_TARGET = 16.4;
				MARKETING_VERSION = 1.0;
				PRODUCT_BUNDLE_IDENTIFIER = com.yourcompany.UltimatePortfolioTests;
				PRODUCT_NAME = "$(TARGET_NAME)";
				SDKROOT = iphoneos;
				SWIFT_EMIT_LOC_STRINGS = NO;
				SWIFT_VERSION = 5.0;
				TARGETED_DEVICE_FAMILY = "1,2";
				TEST_HOST = "$(BUILT_PRODUCTS_DIR)/UltimatePortfolio.app/$(BUNDLE_EXECUTABLE_FOLDER_PATH)/UltimatePortfolio";
				VALIDATE_PRODUCT = YES;
			};
			name = Release;
		};
/* End XCBuildConfiguration section */

/* Begin XCConfigurationList section */
		17645EB229C4F18100D4C874 /* Build configuration list for PBXProject "UltimatePortfolio" */ = {
			isa = XCConfigurationList;
			buildConfigurations = (
				17645EC429C4F18100D4C874 /* Debug */,
				17645EC529C4F18100D4C874 /* Release */,
			);
			defaultConfigurationIsVisible = 0;
			defaultConfigurationName = Release;
		};
		17645EC629C4F18100D4C874 /* Build configuration list for PBXNativeTarget "UltimatePortfolio" */ = {
			isa = XCConfigurationList;
			buildConfigurations = (
				17645EC729C4F18100D4C874 /* Debug */,
				17645EC829C4F18100D4C874 /* Release */,
			);
			defaultConfigurationIsVisible = 0;
			defaultConfigurationName = Release;
		};
		17C2E97A2A8AB23100518667 /* Build configuration list for PBXNativeTarget "UltimatePortfolioUITests" */ = {
			isa = XCConfigurationList;
			buildConfigurations = (
				17C2E9782A8AB23100518667 /* Debug */,
				17C2E9792A8AB23100518667 /* Release */,
			);
			defaultConfigurationIsVisible = 0;
			defaultConfigurationName = Release;
		};
		17F9D7042A2CA46E00A751A6 /* Build configuration list for PBXNativeTarget "UltimatePortfolioTests" */ = {
			isa = XCConfigurationList;
			buildConfigurations = (
				17F9D7052A2CA46E00A751A6 /* Debug */,
				17F9D7062A2CA46E00A751A6 /* Release */,
			);
			defaultConfigurationIsVisible = 0;
			defaultConfigurationName = Release;
		};
/* End XCConfigurationList section */

/* Begin XCVersionGroup section */
		17645EC929C4F44900D4C874 /* Main.xcdatamodeld */ = {
			isa = XCVersionGroup;
			children = (
				17645ECA29C4F44900D4C874 /* Main.xcdatamodel */,
			);
			currentVersion = 17645ECA29C4F44900D4C874 /* Main.xcdatamodel */;
			path = Main.xcdatamodeld;
			sourceTree = "<group>";
			versionGroupType = wrapper.xcdatamodel;
		};
/* End XCVersionGroup section */
	};
	rootObject = 17645EAF29C4F18100D4C874 /* Project object */;
}
